
Microsoft Visual Studio Solution File, Format Version 12.00
# Visual Studio Version 17
VisualStudioVersion = 17.6.33712.159
MinimumVisualStudioVersion = 10.0.40219.1
Project("{FAE04EC0-301F-11D3-BF4B-00C04F79EFBC}") = "Apply OOP in Period Tracker", "Apply OOP in Period Tracker.csproj", "{4A7D3841-3CF1-461D-9D3A-5FA762EAC67F}"
EndProject
Global
	GlobalSection(SolutionConfigurationPlatforms) = preSolution
		Debug|Any CPU = Debug|Any CPU
		Release|Any CPU = Release|Any CPU
	EndGlobalSection
	GlobalSection(ProjectConfigurationPlatforms) = postSolution
		{4A7D3841-3CF1-461D-9D3A-5FA762EAC67F}.Debug|Any CPU.ActiveCfg = Debug|Any CPU
		{4A7D3841-3CF1-461D-9D3A-5FA762EAC67F}.Debug|Any CPU.Build.0 = Debug|Any CPU
		{4A7D3841-3CF1-461D-9D3A-5FA762EAC67F}.Release|Any CPU.ActiveCfg = Release|Any CPU
		{4A7D3841-3CF1-461D-9D3A-5FA762EAC67F}.Release|Any CPU.Build.0 = Release|Any CPU
	EndGlobalSection
	GlobalSection(SolutionProperties) = preSolution
		HideSolutionNode = FALSE
	EndGlobalSection
	GlobalSection(ExtensibilityGlobals) = postSolution
		SolutionGuid = {9496FCF2-C73C-440A-82E8-A9B533C2522B}
	EndGlobalSection
EndGlobal
